{
  "version": "5",
  "redirects": {
    "https://esm.sh/@supabase/functions-js@^2.1.5?target=denonext": "https://esm.sh/@supabase/functions-js@2.93.1?target=denonext",
    "https://esm.sh/@supabase/gotrue-js@^2.60.0?target=denonext": "https://esm.sh/@supabase/gotrue-js@2.93.0?target=denonext",
    "https://esm.sh/@supabase/node-fetch@^2.6.14?target=denonext": "https://esm.sh/@supabase/node-fetch@2.6.15?target=denonext",
    "https://esm.sh/@supabase/postgrest-js@^1.9.0?target=denonext": "https://esm.sh/@supabase/postgrest-js@1.21.4?target=denonext",
    "https://esm.sh/@supabase/realtime-js@^2.9.3?target=denonext": "https://esm.sh/@supabase/realtime-js@2.93.0?target=denonext",
    "https://esm.sh/@supabase/storage-js@^2.5.4?target=denonext": "https://esm.sh/@supabase/storage-js@2.93.0?target=denonext",
    "https://esm.sh/@supabase/supabase-js@2": "https://esm.sh/@supabase/supabase-js@2.76.1",
    "https://esm.sh/iceberg-js@^0.8.1?target=denonext": "https://esm.sh/iceberg-js@0.8.1?target=denonext",
    "https://esm.sh/tr46@~0.0.3?target=denonext": "https://esm.sh/tr46@0.0.3?target=denonext",
    "https://esm.sh/webidl-conversions@^3.0.0?target=denonext": "https://esm.sh/webidl-conversions@3.0.1?target=denonext",
    "https://esm.sh/whatwg-url@^5.0.0?target=denonext": "https://esm.sh/whatwg-url@5.0.0?target=denonext"
  },
  "remote": {
    "https://deno.land/std@0.190.0/_util/asserts.ts": "178dfc49a464aee693a7e285567b3d0b555dc805ff490505a8aae34f9cfb1462",
    "https://deno.land/std@0.190.0/async/abortable.ts": "fd682fa46f3b7b16b4606a5ab52a7ce309434b76f820d3221bdfb862719a15d7",
    "https://deno.land/std@0.190.0/async/deadline.ts": "58f72a3cc0fcb731b2cc055ba046f4b5be3349ff6bf98f2e793c3b969354aab2",
    "https://deno.land/std@0.190.0/async/debounce.ts": "adab11d04ca38d699444ac8a9d9856b4155e8dda2afd07ce78276c01ea5a4332",
    "https://deno.land/std@0.190.0/async/deferred.ts": "42790112f36a75a57db4a96d33974a936deb7b04d25c6084a9fa8a49f135def8",
    "https://deno.land/std@0.190.0/async/delay.ts": "73aa04cec034c84fc748c7be49bb15cac3dd43a57174bfdb7a4aec22c248f0dd",
    "https://deno.land/std@0.190.0/async/mod.ts": "f04344fa21738e5ad6bea37a6bfffd57c617c2d372bb9f9dcfd118a1b622e576",
    "https://deno.land/std@0.190.0/async/mux_async_iterator.ts": "70c7f2ee4e9466161350473ad61cac0b9f115cff4c552eaa7ef9d50c4cbb4cc9",
    "https://deno.land/std@0.190.0/async/pool.ts": "f1b8d3df4d7fd3c73f8cbc91cc2e8b8e950910f1eab94230b443944d7584c657",
    "https://deno.land/std@0.190.0/async/retry.ts": "c9248325ec08cc2cceb7618472e77589a51a25cee460e07b6096be34966c2ead",
    "https://deno.land/std@0.190.0/async/tee.ts": "47e42d35f622650b02234d43803d0383a89eb4387e1b83b5a40106d18ae36757",
    "https://deno.land/std@0.190.0/http/server.ts": "1b23463b5b36e4eebc495417f6af47a6f7d52e3294827a1226d2a1aab23d9d20",
    "https://esm.sh/@supabase/auth-js@2.76.1/denonext/auth-js.mjs": "34acd2684c9861b7b753d2d06c77e548eb63d06c8a6081e3e2aa6aac01b006f9",
    "https://esm.sh/@supabase/functions-js@2.76.1/denonext/functions-js.mjs": "8f74804adb4268b17cc2d677dd84269f4e2c5ab848eeaf3e5759d5ab78e18100",
    "https://esm.sh/@supabase/functions-js@2.93.1/denonext/functions-js.mjs": "ccea48c87350c938f3bd0ac5fc90cf12b9ad58368943b0ac0d9820aaa1812151",
    "https://esm.sh/@supabase/functions-js@2.93.1?target=denonext": "f6c17e2a17f61e45ec59d6976cbfb24920980e9dfc9d97bd56718412fd876d3f",
    "https://esm.sh/@supabase/gotrue-js@2.93.0/denonext/gotrue-js.mjs": "d0bcc1a0c60f52c2294f050d2d9f472ada270eaf94e57f301cf27166379127ae",
    "https://esm.sh/@supabase/gotrue-js@2.93.0?target=denonext": "fa8d467682e422fb9be5b54ccb41c7110d992254a92f280c96d71209ce4f7479",
    "https://esm.sh/@supabase/node-fetch@2.6.15/denonext/node-fetch.mjs": "0bae9052231f4f6dbccc7234d05ea96923dbf967be12f402764580b6bf9f713d",
    "https://esm.sh/@supabase/node-fetch@2.6.15?target=denonext": "4d28c4ad97328403184353f68434f2b6973971507919e9150297413664919cf3",
    "https://esm.sh/@supabase/postgrest-js@1.21.4/denonext/postgrest-js.mjs": "c3769b11ef02debc78ecf6ab4e152d3cf7dbd05bbbafeb72c160e76cc57cda3c",
    "https://esm.sh/@supabase/postgrest-js@1.21.4?target=denonext": "db2315bc0ff19690cd4239c5adb5f5787f5dea04955058ef1fca541d49555ed6",
    "https://esm.sh/@supabase/postgrest-js@2.76.1/denonext/postgrest-js.mjs": "50284739ae9a5f487dcf76bccbbdda5d08fea9962cc28c829cca12ae81dedda8",
    "https://esm.sh/@supabase/realtime-js@2.76.1/denonext/realtime-js.mjs": "e5d64b84666fdc989495478299e78779d3c756d4fd900f56cf83fb20e7b568d8",
    "https://esm.sh/@supabase/realtime-js@2.93.0/denonext/realtime-js.mjs": "7c7f1f1371e16c97d715f9e97cbe47fd6ae7ab3b5e904d5a0ba1145aba71cc4e",
    "https://esm.sh/@supabase/realtime-js@2.93.0?target=denonext": "3abd4b0586e9d60bfc72c65aac40bce77151b75ae9c38582ebd3a89b908aad05",
    "https://esm.sh/@supabase/storage-js@2.76.1/denonext/storage-js.mjs": "71ff35507eb09ef4197cf3a7d5b1601fecccb6a9a69d09e271cbb6c98af3b3a4",
    "https://esm.sh/@supabase/storage-js@2.93.0/denonext/storage-js.mjs": "21a144ca5f239b1a1c117deb14d12ea8b8c60f83ae9838e1929c3a53d253c001",
    "https://esm.sh/@supabase/storage-js@2.93.0?target=denonext": "b91eea03c470febd96d9c52c83754b615b3acb372446888cd409ee7cadd7437a",
    "https://esm.sh/@supabase/supabase-js@2.39.3": "832d7714491bd1c8a9008a332b35cb099f24b451ad79e755ecf4d71985fd6610",
    "https://esm.sh/@supabase/supabase-js@2.39.3/denonext/supabase-js.mjs": "054f4cd1560fa814cdc10d06c0809b00d0817dc06a072fa983e4c023e4346439",
    "https://esm.sh/@supabase/supabase-js@2.43.4": "ed6952bb6d04f4abd86e80a0dde37f35798d483d2603cc8408baf310a21a0b36",
    "https://esm.sh/@supabase/supabase-js@2.76.1": "99f07a2597a0be25436c7520104699b5570de0c91d8e42b1679359dba7716324",
    "https://esm.sh/@supabase/supabase-js@2.76.1/denonext/supabase-js.mjs": "2f5357f9c5cbef8b66035f8c287b00891c5214832e937118105f926bd0e6ae0d",
    "https://esm.sh/iceberg-js@0.8.1/denonext/iceberg-js.mjs": "d839d81a2e3966500ca2cdd0c1cb458e9608bacfc91f7bb67a69b2e878dcdb4f",
    "https://esm.sh/iceberg-js@0.8.1?target=denonext": "58c849d7fe2bf4eca4a84eb501e83c161a7d8c34ca1bec15a962b3bec3062633",
    "https://esm.sh/tr46@0.0.3/denonext/tr46.mjs": "5753ec0a99414f4055f0c1f97691100f13d88e48a8443b00aebb90a512785fa2",
    "https://esm.sh/tr46@0.0.3?target=denonext": "19cb9be0f0d418a0c3abb81f2df31f080e9540a04e43b0f699bce1149cba0cbb",
    "https://esm.sh/tslib@2.8.1/denonext/tslib.mjs": "ebce3cd5facb654623020337f867b426ba95f71596ba87acc9e6c6f4e55905ca",
    "https://esm.sh/webidl-conversions@3.0.1/denonext/webidl-conversions.mjs": "54b5c2d50a294853c4ccebf9d5ed8988c94f4e24e463d84ec859a866ea5fafec",
    "https://esm.sh/webidl-conversions@3.0.1?target=denonext": "4e20318d50528084616c79d7b3f6e7f0fe7b6d09013bd01b3974d7448d767e29",
    "https://esm.sh/whatwg-url@5.0.0/denonext/whatwg-url.mjs": "29b16d74ee72624c915745bbd25b617cfd2248c6af0f5120d131e232a9a9af79",
    "https://esm.sh/whatwg-url@5.0.0?target=denonext": "f001a2cadf81312d214ca330033f474e74d81a003e21e8c5d70a1f46dc97b02d"
  },
  "workspace": {
    "packageJson": {
      "dependencies": [
        "npm:@anthropic-ai/sdk@~0.72.1",
        "npm:@apollo/server@5",
        "npm:@aws-sdk/client-s3@^3.975.0",
        "npm:@aws-sdk/client-ses@^3.883.0",
        "npm:@clerk/clerk-react@^5.57.1",
        "npm:@dnd-kit/core@^6.3.1",
        "npm:@dnd-kit/sortable@10",
        "npm:@dnd-kit/utilities@^3.2.2",
        "npm:@fullcalendar/core@^6.1.19",
        "npm:@fullcalendar/daygrid@^6.1.19",
        "npm:@fullcalendar/interaction@^6.1.19",
        "npm:@fullcalendar/list@^6.1.19",
        "npm:@fullcalendar/react@^6.1.19",
        "npm:@fullcalendar/timegrid@^6.1.19",
        "npm:@hello-pangea/dnd@^16.6.0",
        "npm:@playwright/test@^1.57.0",
        "npm:@radix-ui/react-accordion@^1.2.12",
        "npm:@radix-ui/react-alert-dialog@^1.0.5",
        "npm:@radix-ui/react-avatar@^1.0.4",
        "npm:@radix-ui/react-checkbox@^1.3.3",
        "npm:@radix-ui/react-collapsible@^1.1.12",
        "npm:@radix-ui/react-dialog@^1.0.5",
        "npm:@radix-ui/react-dropdown-menu@^2.0.6",
        "npm:@radix-ui/react-label@^2.0.2",
        "npm:@radix-ui/react-popover@^1.0.7",
        "npm:@radix-ui/react-progress@^1.1.7",
        "npm:@radix-ui/react-radio-group@^1.3.8",
        "npm:@radix-ui/react-scroll-area@^1.0.5",
        "npm:@radix-ui/react-select@2",
        "npm:@radix-ui/react-separator@^1.0.3",
        "npm:@radix-ui/react-slider@^1.3.6",
        "npm:@radix-ui/react-slot@^1.0.2",
        "npm:@radix-ui/react-switch@^1.0.3",
        "npm:@radix-ui/react-tabs@^1.0.4",
        "npm:@radix-ui/react-toast@^1.1.5",
        "npm:@radix-ui/react-tooltip@^1.2.8",
        "npm:@react-oauth/google@~0.12.2",
        "npm:@sentry/react@^10.30.0",
        "npm:@sentry/vite-plugin@^4.6.1",
        "npm:@supabase/supabase-js@^2.56.1",
        "npm:@tailwindcss/typography@~0.5.19",
        "npm:@tanstack/query-core@^5.90.12",
        "npm:@tanstack/react-query@^5.90.12",
        "npm:@tanstack/react-table@^8.21.3",
        "npm:@tanstack/react-virtual@^3.13.12",
        "npm:@testing-library/dom@^10.4.1",
        "npm:@testing-library/jest-dom@^6.2.0",
        "npm:@testing-library/react@^14.1.2",
        "npm:@testing-library/user-event@^14.5.2",
        "npm:@tiptap/extension-image@^3.11.0",
        "npm:@tiptap/extension-link@^3.11.0",
        "npm:@tiptap/extension-placeholder@^3.11.0",
        "npm:@tiptap/extension-text-align@^3.11.0",
        "npm:@tiptap/extension-underline@^3.11.0",
        "npm:@tiptap/react@^3.11.0",
        "npm:@tiptap/starter-kit@^3.11.0",
        "npm:@types/dompurify@^3.2.0",
        "npm:@types/gapi@^0.0.47",
        "npm:@types/google.accounts@^0.0.18",
        "npm:@types/node@^20.11.5",
        "npm:@types/qrcode@^1.5.5",
        "npm:@types/react-dom@^18.2.17",
        "npm:@types/react-window@^1.8.8",
        "npm:@types/react@^18.2.43",
        "npm:@types/uuid@10",
        "npm:@typescript-eslint/eslint-plugin@^6.14.0",
        "npm:@typescript-eslint/parser@^6.14.0",
        "npm:@vercel/node@^5.5.15",
        "npm:@vitejs/plugin-react@^4.2.1",
        "npm:@vitest/coverage-v8@^3.2.4",
        "npm:@vitest/ui@^3.2.4",
        "npm:assemblyai@^4.22.1",
        "npm:autoprefixer@^10.4.16",
        "npm:baseline-browser-mapping@^2.9.17",
        "npm:bull@^4.16.5",
        "npm:canvas-confetti@^1.9.3",
        "npm:class-variance-authority@0.7",
        "npm:clsx@^2.1.0",
        "npm:compression@^1.8.1",
        "npm:cors@^2.8.5",
        "npm:date-fns@^3.2.0",
        "npm:dompurify@^3.2.6",
        "npm:dotenv@^17.2.2",
        "npm:eslint-plugin-react-hooks@^4.6.0",
        "npm:eslint-plugin-react-refresh@~0.4.5",
        "npm:eslint-plugin-react@^7.37.5",
        "npm:eslint@^8.55.0",
        "npm:express-rate-limit@^8.0.1",
        "npm:express-slow-down@3",
        "npm:express@^5.1.0",
        "npm:fast-json-stringify@^6.0.1",
        "npm:framer-motion@^10.18.0",
        "npm:fuse.js@^7.1.0",
        "npm:glob@^11.0.3",
        "npm:google-auth-library@^10.3.0",
        "npm:googleapis@159",
        "npm:graphql@^16.11.0",
        "npm:gray-matter@^4.0.3",
        "npm:helmet@^8.1.0",
        "npm:i18next-browser-languagedetector@^8.2.0",
        "npm:i18next@^25.7.1",
        "npm:ioredis@^5.7.0",
        "npm:jsdom@^23.2.0",
        "npm:lucide-react@0.314",
        "npm:mermaid@^11.12.2",
        "npm:node-cache@^5.1.2",
        "npm:node-fetch@^3.3.2",
        "npm:papaparse@^5.5.3",
        "npm:pg@^8.16.3",
        "npm:pino-http@^10.5.0",
        "npm:pino@^9.9.0",
        "npm:postcss@^8.4.32",
        "npm:qrcode@^1.5.4",
        "npm:react-day-picker@^8.10.0",
        "npm:react-dom@^18.2.0",
        "npm:react-helmet-async@^2.0.5",
        "npm:react-hook-form@^7.62.0",
        "npm:react-i18next@^16.3.5",
        "npm:react-icons@^5.5.0",
        "npm:react-markdown@^10.1.0",
        "npm:react-resizable-panels@^4.2.0",
        "npm:react-router-dom@^6.21.2",
        "npm:react-virtuoso@^4.14.1",
        "npm:react-window@^1.8.11",
        "npm:react@^18.2.0",
        "npm:reactflow@^11.11.4",
        "npm:recharts@^2.10.3",
        "npm:remark-gfm@^4.0.1",
        "npm:rollup-plugin-visualizer@^6.0.5",
        "npm:sonner@^1.3.1",
        "npm:string-similarity@^4.0.4",
        "npm:tailwind-merge@^2.2.0",
        "npm:tailwindcss-animate@^1.0.7",
        "npm:tailwindcss@^3.4.0",
        "npm:ts-morph@^27.0.2",
        "npm:tsx@^4.20.4",
        "npm:typescript@^5.2.2",
        "npm:uuid@^11.1.0",
        "npm:vite@^6.3.5",
        "npm:vitest@^3.2.4",
        "npm:web-vitals@^5.1.0",
        "npm:zod@^4.1.5",
        "npm:zustand@^5.0.8"
      ]
    },
    "members": {
      "packages/landing": {
        "packageJson": {
          "dependencies": [
            "npm:@radix-ui/react-dialog@^1.0.5",
            "npm:@radix-ui/react-dropdown-menu@^2.0.6",
            "npm:@radix-ui/react-select@2",
            "npm:@radix-ui/react-slot@^1.2.4",
            "npm:@radix-ui/react-tabs@^1.0.4",
            "npm:@radix-ui/react-toast@^1.1.5",
            "npm:@supabase/supabase-js@^2.56.1",
            "npm:@tanstack/react-query@^5.17.9",
            "npm:@types/react-dom@^18.2.17",
            "npm:@types/react@^18.2.43",
            "npm:@vitejs/plugin-react@^4.2.1",
            "npm:autoprefixer@^10.4.16",
            "npm:canvas-confetti@^1.9.3",
            "npm:class-variance-authority@0.7",
            "npm:cloudinary-video-analytics@^1.8.2",
            "npm:clsx@^2.1.0",
            "npm:date-fns@^3.2.0",
            "npm:framer-motion@^10.18.0",
            "npm:i18next-browser-languagedetector@^8.2.0",
            "npm:i18next@^25.7.1",
            "npm:lucide-react@0.314",
            "npm:postcss@^8.4.32",
            "npm:react-dom@^18.2.0",
            "npm:react-i18next@^16.3.5",
            "npm:react-router-dom@^6.21.2",
            "npm:react@^18.2.0",
            "npm:sonner@^1.3.1",
            "npm:tailwind-merge@^2.2.0",
            "npm:tailwindcss-animate@^1.0.7",
            "npm:tailwindcss@^3.4.0",
            "npm:typescript@^5.2.2",
            "npm:vite@^6.3.5",
            "npm:zustand@^4.4.7"
          ]
        }
      }
    }
  }
}
